{
  "name": "bitirme",
  "lockfileVersion": 2,
  "requires": true,
  "packages": {
    "": {
      "dependencies": {
        "@solidity-parser/parser": "^0.14.3"
      }
    },
    "node_modules/@solidity-parser/parser": {
      "version": "0.14.3",
      "resolved": "https://registry.npmjs.org/@solidity-parser/parser/-/parser-0.14.3.tgz",
      "integrity": "sha512-29g2SZ29HtsqA58pLCtopI1P/cPy5/UAzlcAXO6T/CNJimG6yA8kx4NaseMyJULiC+TEs02Y9/yeHzClqoA0hw==",
      "dependencies": {
        "antlr4ts": "^0.5.0-alpha.4"
      }
    },
    "node_modules/antlr4ts": {
      "version": "0.5.0-alpha.4",
      "resolved": "https://registry.npmjs.org/antlr4ts/-/antlr4ts-0.5.0-alpha.4.tgz",
      "integrity": "sha512-WPQDt1B74OfPv/IMS2ekXAKkTZIHl88uMetg6q3OTqgFxZ/dxDXI0EWLyZid/1Pe6hTftyg5N7gel5wNAGxXyQ=="
    }
  },
  "dependencies": {
    "@solidity-parser/parser": {
      "version": "0.14.3",
      "resolved": "https://registry.npmjs.org/@solidity-parser/parser/-/parser-0.14.3.tgz",
      "integrity": "sha512-29g2SZ29HtsqA58pLCtopI1P/cPy5/UAzlcAXO6T/CNJimG6yA8kx4NaseMyJULiC+TEs02Y9/yeHzClqoA0hw==",
      "requires": {
        "antlr4ts": "^0.5.0-alpha.4"
      }
    },
    "antlr4ts": {
      "version": "0.5.0-alpha.4",
      "resolved": "https://registry.npmjs.org/antlr4ts/-/antlr4ts-0.5.0-alpha.4.tgz",
      "integrity": "sha512-WPQDt1B74OfPv/IMS2ekXAKkTZIHl88uMetg6q3OTqgFxZ/dxDXI0EWLyZid/1Pe6hTftyg5N7gel5wNAGxXyQ=="
    }
  }
}
